# This file is autogenerated, do not edit; changes may be undone by the next 'dep ensure'.


[[projects]]
  digest = "1:c68aba66f5db6052fd838d9a7d60d8859f8c11b8c1d9ac9758f69c7a51efc07a"
  name = "github.com/asaskevich/govalidator"
  packages = ["."]
  pruneopts = "UT"
  revision = "475eaeb164960a651e97470412a7d3b0c5036105"
  version = "v10"

[[projects]]
  digest = "1:47420c4c3ee9278a1792ce650372c5de72708e14c515063fe1e4de283e68d3dd"
  name = "github.com/corpix/uarand"
  packages = ["."]
  pruneopts = "UT"
  revision = "640b5a843a6aea7bf4a501eb04bc2b8c8c984344"
  version = "v0.1.1"

[[projects]]
  digest = "1:76dc72490af7174349349838f2fe118996381b31ea83243812a97e5a0fd5ed55"
  name = "github.com/dgrijalva/jwt-go"
  packages = ["."]
  pruneopts = "UT"
  revision = "06ea1031745cb8b3dab3f6a236daf2b0aa468b7e"
  version = "v3.2.0"

[[projects]]
  digest = "1:a3af33fd30536d9c5a7b6ad542390919e57c1125097a194c7b3d9904109a0611"
  name = "github.com/go-sql-driver/mysql"
  packages = ["."]
  pruneopts = "UT"
  revision = "17ef3dd9d98b69acec3e85878995ada9533a9370"
  version = "v1.5.0"

[[projects]]
  digest = "1:25ebe6496abb289ef977c081b2d49f56dd97c32db4ca083d37f95923909ced02"
  name = "github.com/gorilla/mux"
  packages = ["."]
  pruneopts = "UT"
  revision = "75dcda0896e109a2a22c9315bca3bb21b87b2ba5"
  version = "v1.7.4"

[[projects]]
  digest = "1:e62657cca9badaa308d86e7716083e4c5933bb78e30a17743fc67f50be26f6f4"
  name = "github.com/gorilla/websocket"
  packages = ["."]
  pruneopts = "UT"
  revision = "c3e18be99d19e6b3e8f1559eea2c161a665c4b6b"
  version = "v1.4.1"

[[projects]]
  branch = "master"
  digest = "1:2bbfe1644ec33b7a7ef3b7d04f63ed7a4689958fcd8c048131e604a3d6475921"
  name = "github.com/graarh/golang-socketio"
  packages = [
    ".",
    "protocol",
    "transport",
  ]
  pruneopts = "UT"
  revision = "2c44953b9b5fcd4da83ec8816f002ce68a12ef2d"

[[projects]]
  branch = "master"
  digest = "1:22725c01ecd8ed0c0f0078944305a57053340d92878b02db925c660cc4accf64"
  name = "github.com/icrowley/fake"
  packages = ["."]
  pruneopts = "UT"
  revision = "4178557ae428460c3780a381c824a1f3aceb6325"

[[projects]]
  digest = "1:3f4a1fbb5a68fd7a76273c7576a10c39d7a94247bf8c7ac1ae0c8200efa16ade"
  name = "github.com/jinzhu/gorm"
  packages = [
    ".",
    "dialects/mysql",
  ]
  pruneopts = "UT"
  revision = "79a77d771dee4e4b60e9c543e8663bbc80466670"
  version = "v1.9.12"

[[projects]]
  digest = "1:01ed62f8f4f574d8aff1d88caee113700a2b44c42351943fa73cc1808f736a50"
  name = "github.com/jinzhu/inflection"
  packages = ["."]
  pruneopts = "UT"
  revision = "f5c5f50e6090ae76a29240b61ae2a90dd810112e"
  version = "v1.0.0"

[[projects]]
  digest = "1:ecd9aa82687cf31d1585d4ac61d0ba180e42e8a6182b85bd785fcca8dfeefc1b"
  name = "github.com/joho/godotenv"
  packages = ["."]
  pruneopts = "UT"
  revision = "23d116af351c84513e1946b527c88823e476be13"
  version = "v1.3.0"

[[projects]]
  branch = "master"
  digest = "1:cd61c5e244e190e684f0b6c3f85d84d45b09f7bf343a6efa4fa0d0937e817d79"
  name = "github.com/nleeper/goment"
  packages = [
    ".",
    "internal/constants",
    "internal/regexps",
  ]
  pruneopts = "UT"
  revision = "559ff168fc12c8b3a195b84a53488c561f571664"

[[projects]]
  digest = "1:85cb5adb402858878704bc087b8f74fb12d1e56bddbba38e3d94693a14ad93f4"
  name = "github.com/qor/validations"
  packages = ["."]
  pruneopts = "UT"
  revision = "f364bca61b46bd48a5e32552a37758864fdf005d"
  version = "v1.1"

[[projects]]
  digest = "1:c5dfe46811af7e2eff7c11fc84b6c841520338613c056f659f262d5a4fb42fa8"
  name = "github.com/rs/cors"
  packages = ["."]
  pruneopts = "UT"
  revision = "db0fe48135e83b5812a5a31be0eea66984b1b521"
  version = "v1.7.0"

[[projects]]
  branch = "master"
  digest = "1:9d5b5d543996dd584da1db1e0de1926f3e4c3a8dba0fa2f8db70f3ebee2342e0"
  name = "golang.org/x/crypto"
  packages = [
    "bcrypt",
    "blowfish",
  ]
  pruneopts = "UT"
  revision = "bac4c82f69751a6dd76e702d54b3ceb88adab236"

[solve-meta]
  analyzer-name = "dep"
  analyzer-version = 1
  input-imports = [
    "github.com/asaskevich/govalidator",
    "github.com/dgrijalva/jwt-go",
    "github.com/gorilla/mux",
    "github.com/graarh/golang-socketio",
    "github.com/graarh/golang-socketio/transport",
    "github.com/icrowley/fake",
    "github.com/jinzhu/gorm",
    "github.com/jinzhu/gorm/dialects/mysql",
    "github.com/joho/godotenv",
    "github.com/nleeper/goment",
    "github.com/qor/validations",
    "github.com/rs/cors",
    "golang.org/x/crypto/bcrypt",
  ]
  solver-name = "gps-cdcl"
  solver-version = 1
